
Microsoft Visual Studio Solution File, Format Version 12.00
# Visual Studio 2013
VisualStudioVersion = 12.0.31101.0
MinimumVisualStudioVersion = 10.0.40219.1
Project("{FAE04EC0-301F-11D3-BF4B-00C04F79EFBC}") = "01.TorrentPirate", "01.TorrentPirate\01.TorrentPirate.csproj", "{E609EE27-6681-47FE-A854-05B64CA86998}"
EndProject
Project("{FAE04EC0-301F-11D3-BF4B-00C04F79EFBC}") = "03.Dumbbell", "Dumbbel\03.Dumbbell.csproj", "{91762954-9E10-4CDB-A065-5F4534D0ADED}"
EndProject
Project("{FAE04EC0-301F-11D3-BF4B-00C04F79EFBC}") = "02.BasketBattle", "02.BasketBattle\02.BasketBattle.csproj", "{DB3206E1-7A8E-4CD3-971D-094BD284B2B2}"
EndProject
Project("{FAE04EC0-301F-11D3-BF4B-00C04F79EFBC}") = "04.EncryptedMatrix", "04.EncryptedMatrix\04.EncryptedMatrix.csproj", "{8531874F-14C1-4C91-94B5-AFAB74D0185C}"
EndProject
Project("{FAE04EC0-301F-11D3-BF4B-00C04F79EFBC}") = "05.GameOfBits", "05.GameOfBits\05.GameOfBits.csproj", "{9F8B85F6-F62D-4DF9-9AAF-130F3D18A8F4}"
EndProject
Global
	GlobalSection(SolutionConfigurationPlatforms) = preSolution
		Debug|Any CPU = Debug|Any CPU
		Release|Any CPU = Release|Any CPU
	EndGlobalSection
	GlobalSection(ProjectConfigurationPlatforms) = postSolution
		{E609EE27-6681-47FE-A854-05B64CA86998}.Debug|Any CPU.ActiveCfg = Debug|Any CPU
		{E609EE27-6681-47FE-A854-05B64CA86998}.Debug|Any CPU.Build.0 = Debug|Any CPU
		{E609EE27-6681-47FE-A854-05B64CA86998}.Release|Any CPU.ActiveCfg = Release|Any CPU
		{E609EE27-6681-47FE-A854-05B64CA86998}.Release|Any CPU.Build.0 = Release|Any CPU
		{91762954-9E10-4CDB-A065-5F4534D0ADED}.Debug|Any CPU.ActiveCfg = Debug|Any CPU
		{91762954-9E10-4CDB-A065-5F4534D0ADED}.Debug|Any CPU.Build.0 = Debug|Any CPU
		{91762954-9E10-4CDB-A065-5F4534D0ADED}.Release|Any CPU.ActiveCfg = Release|Any CPU
		{91762954-9E10-4CDB-A065-5F4534D0ADED}.Release|Any CPU.Build.0 = Release|Any CPU
		{DB3206E1-7A8E-4CD3-971D-094BD284B2B2}.Debug|Any CPU.ActiveCfg = Debug|Any CPU
		{DB3206E1-7A8E-4CD3-971D-094BD284B2B2}.Debug|Any CPU.Build.0 = Debug|Any CPU
		{DB3206E1-7A8E-4CD3-971D-094BD284B2B2}.Release|Any CPU.ActiveCfg = Release|Any CPU
		{DB3206E1-7A8E-4CD3-971D-094BD284B2B2}.Release|Any CPU.Build.0 = Release|Any CPU
		{8531874F-14C1-4C91-94B5-AFAB74D0185C}.Debug|Any CPU.ActiveCfg = Debug|Any CPU
		{8531874F-14C1-4C91-94B5-AFAB74D0185C}.Debug|Any CPU.Build.0 = Debug|Any CPU
		{8531874F-14C1-4C91-94B5-AFAB74D0185C}.Release|Any CPU.ActiveCfg = Release|Any CPU
		{8531874F-14C1-4C91-94B5-AFAB74D0185C}.Release|Any CPU.Build.0 = Release|Any CPU
		{9F8B85F6-F62D-4DF9-9AAF-130F3D18A8F4}.Debug|Any CPU.ActiveCfg = Debug|Any CPU
		{9F8B85F6-F62D-4DF9-9AAF-130F3D18A8F4}.Debug|Any CPU.Build.0 = Debug|Any CPU
		{9F8B85F6-F62D-4DF9-9AAF-130F3D18A8F4}.Release|Any CPU.ActiveCfg = Release|Any CPU
		{9F8B85F6-F62D-4DF9-9AAF-130F3D18A8F4}.Release|Any CPU.Build.0 = Release|Any CPU
	EndGlobalSection
	GlobalSection(SolutionProperties) = preSolution
		HideSolutionNode = FALSE
	EndGlobalSection
EndGlobal
